dependencies:
- condition: ""
  enabled: false
  import-values: null
  name: postgresql
  repository: https://kubernetes-charts.storage.googleapis.com/
  tags: null
  version: 0.8.3
- condition: ""
  enabled: false
  import-values: null
  name: redis
  repository: https://kubernetes-charts.storage.googleapis.com/
  tags: null
  version: 0.10.1
digest: sha256:6a8cadb0d3c9368c9e31f3b229f06a79cf92c3305d9a537af7a89d30ba3ac757
generated: 2017-11-10T11:31:57.875362867-08:00
